// !$*UTF8*$!
{
	archiveVersion = 1;
	classes = {
	};
	objectVersion = 50;
	objects = {

/* Begin PBXBuildFile section */
		491688A62674AAA100107EE3 /* AppDelegate.swift in Sources */ = {isa = PBXBuildFile; fileRef = 491688A52674AAA100107EE3 /* AppDelegate.swift */; };
		491688A82674AAA100107EE3 /* SceneDelegate.swift in Sources */ = {isa = PBXBuildFile; fileRef = 491688A72674AAA100107EE3 /* SceneDelegate.swift */; };
		491688AA2674AAA100107EE3 /* RegisterViewController.swift in Sources */ = {isa = PBXBuildFile; fileRef = 491688A92674AAA100107EE3 /* RegisterViewController.swift */; };
		491688AD2674AAA100107EE3 /* Main.storyboard in Resources */ = {isa = PBXBuildFile; fileRef = 491688AB2674AAA100107EE3 /* Main.storyboard */; };
		491688B02674AAA100107EE3 /* Slice_iOS.xcdatamodeld in Sources */ = {isa = PBXBuildFile; fileRef = 491688AE2674AAA100107EE3 /* Slice_iOS.xcdatamodeld */; };
		491688B22674AAA300107EE3 /* Assets.xcassets in Resources */ = {isa = PBXBuildFile; fileRef = 491688B12674AAA300107EE3 /* Assets.xcassets */; };
		491688B52674AAA300107EE3 /* LaunchScreen.storyboard in Resources */ = {isa = PBXBuildFile; fileRef = 491688B32674AAA300107EE3 /* LaunchScreen.storyboard */; };
		4927550E2674E6FE001C1B2C /* HomeViewController.swift in Sources */ = {isa = PBXBuildFile; fileRef = 4927550D2674E6FE001C1B2C /* HomeViewController.swift */; };
		4927551B2674E8A0001C1B2C /* DetailsViewController.swift in Sources */ = {isa = PBXBuildFile; fileRef = 4927551A2674E8A0001C1B2C /* DetailsViewController.swift */; };
		4927551F267506E6001C1B2C /* LoginViewController.swift in Sources */ = {isa = PBXBuildFile; fileRef = 4927551E267506E6001C1B2C /* LoginViewController.swift */; };
		492AC92B26772B1A00EB4524 /* ItemCollectionCell.swift in Sources */ = {isa = PBXBuildFile; fileRef = 492AC92926772B1A00EB4524 /* ItemCollectionCell.swift */; };
		492AC92C26772B1A00EB4524 /* ItemCollectionCell.xib in Resources */ = {isa = PBXBuildFile; fileRef = 492AC92A26772B1A00EB4524 /* ItemCollectionCell.xib */; };
		493384C926750786005578CD /* StarterViewController.swift in Sources */ = {isa = PBXBuildFile; fileRef = 493384C826750786005578CD /* StarterViewController.swift */; };
		495EDCF72675549F000F9489 /* TypeCollectionCell.swift in Sources */ = {isa = PBXBuildFile; fileRef = 495EDCF52675549F000F9489 /* TypeCollectionCell.swift */; };
		495EDCF82675549F000F9489 /* TypeCollectionCell.xib in Resources */ = {isa = PBXBuildFile; fileRef = 495EDCF62675549F000F9489 /* TypeCollectionCell.xib */; };
		73DE2C383EB7FFF117F05521 /* Pods_Slice_iOS.framework in Frameworks */ = {isa = PBXBuildFile; fileRef = 6863D9CEE44AF40CC526B61A /* Pods_Slice_iOS.framework */; };
/* End PBXBuildFile section */

/* Begin PBXFileReference section */
		491688A22674AAA100107EE3 /* Slice-iOS.app */ = {isa = PBXFileReference; explicitFileType = wrapper.application; includeInIndex = 0; path = "Slice-iOS.app"; sourceTree = BUILT_PRODUCTS_DIR; };
		491688A52674AAA100107EE3 /* AppDelegate.swift */ = {isa = PBXFileReference; lastKnownFileType = sourcecode.swift; path = AppDelegate.swift; sourceTree = "<group>"; };
		491688A72674AAA100107EE3 /* SceneDelegate.swift */ = {isa = PBXFileReference; lastKnownFileType = sourcecode.swift; path = SceneDelegate.swift; sourceTree = "<group>"; };
		491688A92674AAA100107EE3 /* RegisterViewController.swift */ = {isa = PBXFileReference; lastKnownFileType = sourcecode.swift; path = RegisterViewController.swift; sourceTree = "<group>"; };
		491688AC2674AAA100107EE3 /* Base */ = {isa = PBXFileReference; lastKnownFileType = file.storyboard; name = Base; path = Base.lproj/Main.storyboard; sourceTree = "<group>"; };
		491688AF2674AAA100107EE3 /* Slice_iOS.xcdatamodel */ = {isa = PBXFileReference; lastKnownFileType = wrapper.xcdatamodel; path = Slice_iOS.xcdatamodel; sourceTree = "<group>"; };
		491688B12674AAA300107EE3 /* Assets.xcassets */ = {isa = PBXFileReference; lastKnownFileType = folder.assetcatalog; path = Assets.xcassets; sourceTree = "<group>"; };
		491688B42674AAA300107EE3 /* Base */ = {isa = PBXFileReference; lastKnownFileType = file.storyboard; name = Base; path = Base.lproj/LaunchScreen.storyboard; sourceTree = "<group>"; };
		491688B62674AAA300107EE3 /* Info.plist */ = {isa = PBXFileReference; lastKnownFileType = text.plist.xml; path = Info.plist; sourceTree = "<group>"; };
		4927550D2674E6FE001C1B2C /* HomeViewController.swift */ = {isa = PBXFileReference; lastKnownFileType = sourcecode.swift; path = HomeViewController.swift; sourceTree = "<group>"; };
		4927551A2674E8A0001C1B2C /* DetailsViewController.swift */ = {isa = PBXFileReference; lastKnownFileType = sourcecode.swift; path = DetailsViewController.swift; sourceTree = "<group>"; };
		4927551E267506E6001C1B2C /* LoginViewController.swift */ = {isa = PBXFileReference; lastKnownFileType = sourcecode.swift; path = LoginViewController.swift; sourceTree = "<group>"; };
		492AC92926772B1A00EB4524 /* ItemCollectionCell.swift */ = {isa = PBXFileReference; lastKnownFileType = sourcecode.swift; path = ItemCollectionCell.swift; sourceTree = "<group>"; };
		492AC92A26772B1A00EB4524 /* ItemCollectionCell.xib */ = {isa = PBXFileReference; lastKnownFileType = file.xib; path = ItemCollectionCell.xib; sourceTree = "<group>"; };
		493384C826750786005578CD /* StarterViewController.swift */ = {isa = PBXFileReference; lastKnownFileType = sourcecode.swift; path = StarterViewController.swift; sourceTree = "<group>"; };
		495EDCF52675549F000F9489 /* TypeCollectionCell.swift */ = {isa = PBXFileReference; lastKnownFileType = sourcecode.swift; path = TypeCollectionCell.swift; sourceTree = "<group>"; };
		495EDCF62675549F000F9489 /* TypeCollectionCell.xib */ = {isa = PBXFileReference; lastKnownFileType = file.xib; path = TypeCollectionCell.xib; sourceTree = "<group>"; };
		6863D9CEE44AF40CC526B61A /* Pods_Slice_iOS.framework */ = {isa = PBXFileReference; explicitFileType = wrapper.framework; includeInIndex = 0; path = Pods_Slice_iOS.framework; sourceTree = BUILT_PRODUCTS_DIR; };
		8391EDA73FB77AFF70EA77E7 /* Pods-Slice-iOS.release.xcconfig */ = {isa = PBXFileReference; includeInIndex = 1; lastKnownFileType = text.xcconfig; name = "Pods-Slice-iOS.release.xcconfig"; path = "Pods/Target Support Files/Pods-Slice-iOS/Pods-Slice-iOS.release.xcconfig"; sourceTree = "<group>"; };
		E54267535DA190A27AAD925D /* Pods-Slice-iOS.debug.xcconfig */ = {isa = PBXFileReference; includeInIndex = 1; lastKnownFileType = text.xcconfig; name = "Pods-Slice-iOS.debug.xcconfig"; path = "Pods/Target Support Files/Pods-Slice-iOS/Pods-Slice-iOS.debug.xcconfig"; sourceTree = "<group>"; };
/* End PBXFileReference section */

/* Begin PBXFrameworksBuildPhase section */
		4916889F2674AAA100107EE3 /* Frameworks */ = {
			isa = PBXFrameworksBuildPhase;
			buildActionMask = 2147483647;
			files = (
				73DE2C383EB7FFF117F05521 /* Pods_Slice_iOS.framework in Frameworks */,
			);
			runOnlyForDeploymentPostprocessing = 0;
		};
/* End PBXFrameworksBuildPhase section */

/* Begin PBXGroup section */
		491688992674AAA100107EE3 = {
			isa = PBXGroup;
			children = (
				491688A42674AAA100107EE3 /* Slice-iOS */,
				491688A32674AAA100107EE3 /* Products */,
				DBBEFF9BD061138B887EFC23 /* Pods */,
				C114F19D235AEE49DA7DD9A5 /* Frameworks */,
			);
			sourceTree = "<group>";
		};
		491688A32674AAA100107EE3 /* Products */ = {
			isa = PBXGroup;
			children = (
				491688A22674AAA100107EE3 /* Slice-iOS.app */,
			);
			name = Products;
			sourceTree = "<group>";
		};
		491688A42674AAA100107EE3 /* Slice-iOS */ = {
			isa = PBXGroup;
			children = (
				491688A52674AAA100107EE3 /* AppDelegate.swift */,
				491688A72674AAA100107EE3 /* SceneDelegate.swift */,
				492755142674E734001C1B2C /* Model */,
				492755132674E72C001C1B2C /* View */,
				492755122674E713001C1B2C /* ViewController */,
				491688B12674AAA300107EE3 /* Assets.xcassets */,
				491688B62674AAA300107EE3 /* Info.plist */,
				491688AE2674AAA100107EE3 /* Slice_iOS.xcdatamodeld */,
			);
			path = "Slice-iOS";
			sourceTree = "<group>";
		};
		492755122674E713001C1B2C /* ViewController */ = {
			isa = PBXGroup;
			children = (
				493384C826750786005578CD /* StarterViewController.swift */,
				4927551E267506E6001C1B2C /* LoginViewController.swift */,
				491688A92674AAA100107EE3 /* RegisterViewController.swift */,
				4927550D2674E6FE001C1B2C /* HomeViewController.swift */,
				4927551A2674E8A0001C1B2C /* DetailsViewController.swift */,
			);
			path = ViewController;
			sourceTree = "<group>";
		};
		492755132674E72C001C1B2C /* View */ = {
			isa = PBXGroup;
			children = (
				491688AB2674AAA100107EE3 /* Main.storyboard */,
				491688B32674AAA300107EE3 /* LaunchScreen.storyboard */,
				495EDCFA267554A9000F9489 /* TypeCollectionCell */,
				492AC92626772AB400EB4524 /* ItemCollectionCell */,
			);
			path = View;
			sourceTree = "<group>";
		};
		492755142674E734001C1B2C /* Model */ = {
			isa = PBXGroup;
			children = (
			);
			path = Model;
			sourceTree = "<group>";
		};
		492AC92626772AB400EB4524 /* ItemCollectionCell */ = {
			isa = PBXGroup;
			children = (
				492AC92926772B1A00EB4524 /* ItemCollectionCell.swift */,
				492AC92A26772B1A00EB4524 /* ItemCollectionCell.xib */,
			);
			path = ItemCollectionCell;
			sourceTree = "<group>";
		};
		495EDCFA267554A9000F9489 /* TypeCollectionCell */ = {
			isa = PBXGroup;
			children = (
				495EDCF52675549F000F9489 /* TypeCollectionCell.swift */,
				495EDCF62675549F000F9489 /* TypeCollectionCell.xib */,
			);
			path = TypeCollectionCell;
			sourceTree = "<group>";
		};
		C114F19D235AEE49DA7DD9A5 /* Frameworks */ = {
			isa = PBXGroup;
			children = (
				6863D9CEE44AF40CC526B61A /* Pods_Slice_iOS.framework */,
			);
			name = Frameworks;
			sourceTree = "<group>";
		};
		DBBEFF9BD061138B887EFC23 /* Pods */ = {
			isa = PBXGroup;
			children = (
				E54267535DA190A27AAD925D /* Pods-Slice-iOS.debug.xcconfig */,
				8391EDA73FB77AFF70EA77E7 /* Pods-Slice-iOS.release.xcconfig */,
			);
			name = Pods;
			sourceTree = "<group>";
		};
/* End PBXGroup section */

/* Begin PBXNativeTarget section */
		491688A12674AAA100107EE3 /* Slice-iOS */ = {
			isa = PBXNativeTarget;
			buildConfigurationList = 491688B92674AAA300107EE3 /* Build configuration list for PBXNativeTarget "Slice-iOS" */;
			buildPhases = (
				A258F10FB0C77ACE41D01DAA /* [CP] Check Pods Manifest.lock */,
				4916889E2674AAA100107EE3 /* Sources */,
				4916889F2674AAA100107EE3 /* Frameworks */,
				491688A02674AAA100107EE3 /* Resources */,
				210914596F2210F0F8999821 /* [CP] Embed Pods Frameworks */,
			);
			buildRules = (
			);
			dependencies = (
			);
			name = "Slice-iOS";
			productName = "Slice-iOS";
			productReference = 491688A22674AAA100107EE3 /* Slice-iOS.app */;
			productType = "com.apple.product-type.application";
		};
/* End PBXNativeTarget section */

/* Begin PBXProject section */
		4916889A2674AAA100107EE3 /* Project object */ = {
			isa = PBXProject;
			attributes = {
				LastSwiftUpdateCheck = 1240;
				LastUpgradeCheck = 1240;
				TargetAttributes = {
					491688A12674AAA100107EE3 = {
						CreatedOnToolsVersion = 12.4;
					};
				};
			};
			buildConfigurationList = 4916889D2674AAA100107EE3 /* Build configuration list for PBXProject "Slice-iOS" */;
			compatibilityVersion = "Xcode 9.3";
			developmentRegion = en;
			hasScannedForEncodings = 0;
			knownRegions = (
				en,
				Base,
			);
			mainGroup = 491688992674AAA100107EE3;
			productRefGroup = 491688A32674AAA100107EE3 /* Products */;
			projectDirPath = "";
			projectRoot = "";
			targets = (
				491688A12674AAA100107EE3 /* Slice-iOS */,
			);
		};
/* End PBXProject section */

/* Begin PBXResourcesBuildPhase section */
		491688A02674AAA100107EE3 /* Resources */ = {
			isa = PBXResourcesBuildPhase;
			buildActionMask = 2147483647;
			files = (
				491688B52674AAA300107EE3 /* LaunchScreen.storyboard in Resources */,
				492AC92C26772B1A00EB4524 /* ItemCollectionCell.xib in Resources */,
				495EDCF82675549F000F9489 /* TypeCollectionCell.xib in Resources */,
				491688B22674AAA300107EE3 /* Assets.xcassets in Resources */,
				491688AD2674AAA100107EE3 /* Main.storyboard in Resources */,
			);
			runOnlyForDeploymentPostprocessing = 0;
		};
/* End PBXResourcesBuildPhase section */

/* Begin PBXShellScriptBuildPhase section */
		210914596F2210F0F8999821 /* [CP] Embed Pods Frameworks */ = {
			isa = PBXShellScriptBuildPhase;
			buildActionMask = 2147483647;
			files = (
			);
			inputPaths = (
				"${SRCROOT}/Pods/Target Support Files/Pods-Slice-iOS/Pods-Slice-iOS-frameworks.sh",
				"${BUILT_PRODUCTS_DIR}/lottie-ios/Lottie.framework",
			);
			name = "[CP] Embed Pods Frameworks";
			outputPaths = (
				"${TARGET_BUILD_DIR}/${FRAMEWORKS_FOLDER_PATH}/Lottie.framework",
			);
			runOnlyForDeploymentPostprocessing = 0;
			shellPath = /bin/sh;
			shellScript = "\"${SRCROOT}/Pods/Target Support Files/Pods-Slice-iOS/Pods-Slice-iOS-frameworks.sh\"\n";
			showEnvVarsInLog = 0;
		};
		A258F10FB0C77ACE41D01DAA /* [CP] Check Pods Manifest.lock */ = {
			isa = PBXShellScriptBuildPhase;
			buildActionMask = 2147483647;
			files = (
			);
			inputPaths = (
				"${PODS_PODFILE_DIR_PATH}/Podfile.lock",
				"${PODS_ROOT}/Manifest.lock",
			);
			name = "[CP] Check Pods Manifest.lock";
			outputPaths = (
				"$(DERIVED_FILE_DIR)/Pods-Slice-iOS-checkManifestLockResult.txt",
			);
			runOnlyForDeploymentPostprocessing = 0;
			shellPath = /bin/sh;
			shellScript = "diff \"${PODS_PODFILE_DIR_PATH}/Podfile.lock\" \"${PODS_ROOT}/Manifest.lock\" > /dev/null\nif [ $? != 0 ] ; then\n    # print error to STDERR\n    echo \"error: The sandbox is not in sync with the Podfile.lock. Run 'pod install' or update your CocoaPods installation.\" >&2\n    exit 1\nfi\n# This output is used by Xcode 'outputs' to avoid re-running this script phase.\necho \"SUCCESS\" > \"${SCRIPT_OUTPUT_FILE_0}\"\n";
			showEnvVarsInLog = 0;
		};
/* End PBXShellScriptBuildPhase section */

/* Begin PBXSourcesBuildPhase section */
		4916889E2674AAA100107EE3 /* Sources */ = {
			isa = PBXSourcesBuildPhase;
			buildActionMask = 2147483647;
			files = (
				4927551F267506E6001C1B2C /* LoginViewController.swift in Sources */,
				4927550E2674E6FE001C1B2C /* HomeViewController.swift in Sources */,
				492AC92B26772B1A00EB4524 /* ItemCollectionCell.swift in Sources */,
				493384C926750786005578CD /* StarterViewController.swift in Sources */,
				491688B02674AAA100107EE3 /* Slice_iOS.xcdatamodeld in Sources */,
				491688AA2674AAA100107EE3 /* RegisterViewController.swift in Sources */,
				491688A62674AAA100107EE3 /* AppDelegate.swift in Sources */,
				491688A82674AAA100107EE3 /* SceneDelegate.swift in Sources */,
				4927551B2674E8A0001C1B2C /* DetailsViewController.swift in Sources */,
				495EDCF72675549F000F9489 /* TypeCollectionCell.swift in Sources */,
			);
			runOnlyForDeploymentPostprocessing = 0;
		};
/* End PBXSourcesBuildPhase section */

/* Begin PBXVariantGroup section */
		491688AB2674AAA100107EE3 /* Main.storyboard */ = {
			isa = PBXVariantGroup;
			children = (
				491688AC2674AAA100107EE3 /* Base */,
			);
			name = Main.storyboard;
			sourceTree = "<group>";
		};
		491688B32674AAA300107EE3 /* LaunchScreen.storyboard */ = {
			isa = PBXVariantGroup;
			children = (
				491688B42674AAA300107EE3 /* Base */,
			);
			name = LaunchScreen.storyboard;
			sourceTree = "<group>";
		};
/* End PBXVariantGroup section */

/* Begin XCBuildConfiguration section */
		491688B72674AAA300107EE3 /* Debug */ = {
			isa = XCBuildConfiguration;
			buildSettings = {
				ALWAYS_SEARCH_USER_PATHS = NO;
				CLANG_ANALYZER_NONNULL = YES;
				CLANG_ANALYZER_NUMBER_OBJECT_CONVERSION = YES_AGGRESSIVE;
				CLANG_CXX_LANGUAGE_STANDARD = "gnu++14";
				CLANG_CXX_LIBRARY = "libc++";
				CLANG_ENABLE_MODULES = YES;
				CLANG_ENABLE_OBJC_ARC = YES;
				CLANG_ENABLE_OBJC_WEAK = YES;
				CLANG_WARN_BLOCK_CAPTURE_AUTORELEASING = YES;
				CLANG_WARN_BOOL_CONVERSION = YES;
				CLANG_WARN_COMMA = YES;
				CLANG_WARN_CONSTANT_CONVERSION = YES;
				CLANG_WARN_DEPRECATED_OBJC_IMPLEMENTATIONS = YES;
				CLANG_WARN_DIRECT_OBJC_ISA_USAGE = YES_ERROR;
				CLANG_WARN_DOCUMENTATION_COMMENTS = YES;
				CLANG_WARN_EMPTY_BODY = YES;
				CLANG_WARN_ENUM_CONVERSION = YES;
				CLANG_WARN_INFINITE_RECURSION = YES;
				CLANG_WARN_INT_CONVERSION = YES;
				CLANG_WARN_NON_LITERAL_NULL_CONVERSION = YES;
				CLANG_WARN_OBJC_IMPLICIT_RETAIN_SELF = YES;
				CLANG_WARN_OBJC_LITERAL_CONVERSION = YES;
				CLANG_WARN_OBJC_ROOT_CLASS = YES_ERROR;
				CLANG_WARN_QUOTED_INCLUDE_IN_FRAMEWORK_HEADER = YES;
				CLANG_WARN_RANGE_LOOP_ANALYSIS = YES;
				CLANG_WARN_STRICT_PROTOTYPES = YES;
				CLANG_WARN_SUSPICIOUS_MOVE = YES;
				CLANG_WARN_UNGUARDED_AVAILABILITY = YES_AGGRESSIVE;
				CLANG_WARN_UNREACHABLE_CODE = YES;
				CLANG_WARN__DUPLICATE_METHOD_MATCH = YES;
				COPY_PHASE_STRIP = NO;
				DEBUG_INFORMATION_FORMAT = dwarf;
				ENABLE_STRICT_OBJC_MSGSEND = YES;
				ENABLE_TESTABILITY = YES;
				GCC_C_LANGUAGE_STANDARD = gnu11;
				GCC_DYNAMIC_NO_PIC = NO;
				GCC_NO_COMMON_BLOCKS = YES;
				GCC_OPTIMIZATION_LEVEL = 0;
				GCC_PREPROCESSOR_DEFINITIONS = (
					"DEBUG=1",
					"$(inherited)",
				);
				GCC_WARN_64_TO_32_BIT_CONVERSION = YES;
				GCC_WARN_ABOUT_RETURN_TYPE = YES_ERROR;
				GCC_WARN_UNDECLARED_SELECTOR = YES;
				GCC_WARN_UNINITIALIZED_AUTOS = YES_AGGRESSIVE;
				GCC_WARN_UNUSED_FUNCTION = YES;
				GCC_WARN_UNUSED_VARIABLE = YES;
				IPHONEOS_DEPLOYMENT_TARGET = 13.0;
				MTL_ENABLE_DEBUG_INFO = INCLUDE_SOURCE;
				MTL_FAST_MATH = YES;
				ONLY_ACTIVE_ARCH = YES;
				SDKROOT = iphoneos;
				SWIFT_ACTIVE_COMPILATION_CONDITIONS = DEBUG;
				SWIFT_OPTIMIZATION_LEVEL = "-Onone";
			};
			name = Debug;
		};
		491688B82674AAA300107EE3 /* Release */ = {
			isa = XCBuildConfiguration;
			buildSettings = {
				ALWAYS_SEARCH_USER_PATHS = NO;
				CLANG_ANALYZER_NONNULL = YES;
				CLANG_ANALYZER_NUMBER_OBJECT_CONVERSION = YES_AGGRESSIVE;
				CLANG_CXX_LANGUAGE_STANDARD = "gnu++14";
				CLANG_CXX_LIBRARY = "libc++";
				CLANG_ENABLE_MODULES = YES;
				CLANG_ENABLE_OBJC_ARC = YES;
				CLANG_ENABLE_OBJC_WEAK = YES;
				CLANG_WARN_BLOCK_CAPTURE_AUTORELEASING = YES;
				CLANG_WARN_BOOL_CONVERSION = YES;
				CLANG_WARN_COMMA = YES;
				CLANG_WARN_CONSTANT_CONVERSION = YES;
				CLANG_WARN_DEPRECATED_OBJC_IMPLEMENTATIONS = YES;
				CLANG_WARN_DIRECT_OBJC_ISA_USAGE = YES_ERROR;
				CLANG_WARN_DOCUMENTATION_COMMENTS = YES;
				CLANG_WARN_EMPTY_BODY = YES;
				CLANG_WARN_ENUM_CONVERSION = YES;
				CLANG_WARN_INFINITE_RECURSION = YES;
				CLANG_WARN_INT_CONVERSION = YES;
				CLANG_WARN_NON_LITERAL_NULL_CONVERSION = YES;
				CLANG_WARN_OBJC_IMPLICIT_RETAIN_SELF = YES;
				CLANG_WARN_OBJC_LITERAL_CONVERSION = YES;
				CLANG_WARN_OBJC_ROOT_CLASS = YES_ERROR;
				CLANG_WARN_QUOTED_INCLUDE_IN_FRAMEWORK_HEADER = YES;
				CLANG_WARN_RANGE_LOOP_ANALYSIS = YES;
				CLANG_WARN_STRICT_PROTOTYPES = YES;
				CLANG_WARN_SUSPICIOUS_MOVE = YES;
				CLANG_WARN_UNGUARDED_AVAILABILITY = YES_AGGRESSIVE;
				CLANG_WARN_UNREACHABLE_CODE = YES;
				CLANG_WARN__DUPLICATE_METHOD_MATCH = YES;
				COPY_PHASE_STRIP = NO;
				DEBUG_INFORMATION_FORMAT = "dwarf-with-dsym";
				ENABLE_NS_ASSERTIONS = NO;
				ENABLE_STRICT_OBJC_MSGSEND = YES;
				GCC_C_LANGUAGE_STANDARD = gnu11;
				GCC_NO_COMMON_BLOCKS = YES;
				GCC_WARN_64_TO_32_BIT_CONVERSION = YES;
				GCC_WARN_ABOUT_RETURN_TYPE = YES_ERROR;
				GCC_WARN_UNDECLARED_SELECTOR = YES;
				GCC_WARN_UNINITIALIZED_AUTOS = YES_AGGRESSIVE;
				GCC_WARN_UNUSED_FUNCTION = YES;
				GCC_WARN_UNUSED_VARIABLE = YES;
				IPHONEOS_DEPLOYMENT_TARGET = 13.0;
				MTL_ENABLE_DEBUG_INFO = NO;
				MTL_FAST_MATH = YES;
				SDKROOT = iphoneos;
				SWIFT_COMPILATION_MODE = wholemodule;
				SWIFT_OPTIMIZATION_LEVEL = "-O";
				VALIDATE_PRODUCT = YES;
			};
			name = Release;
		};
		491688BA2674AAA300107EE3 /* Debug */ = {
			isa = XCBuildConfiguration;
			baseConfigurationReference = E54267535DA190A27AAD925D /* Pods-Slice-iOS.debug.xcconfig */;
			buildSettings = {
				ASSETCATALOG_COMPILER_APPICON_NAME = AppIcon;
				ASSETCATALOG_COMPILER_GLOBAL_ACCENT_COLOR_NAME = AccentColor;
				CODE_SIGN_STYLE = Automatic;
				DEVELOPMENT_TEAM = AS8Z7AADYW;
				INFOPLIST_FILE = "Slice-iOS/Info.plist";
				IPHONEOS_DEPLOYMENT_TARGET = 13.0;
				LD_RUNPATH_SEARCH_PATHS = (
					"$(inherited)",
					"@executable_path/Frameworks",
				);
				PRODUCT_BUNDLE_IDENTIFIER = "com.ADLER.Slice-iOS";
				PRODUCT_NAME = "$(TARGET_NAME)";
				SWIFT_VERSION = 5.0;
				TARGETED_DEVICE_FAMILY = "1,2";
			};
			name = Debug;
		};
		491688BB2674AAA300107EE3 /* Release */ = {
			isa = XCBuildConfiguration;
			baseConfigurationReference = 8391EDA73FB77AFF70EA77E7 /* Pods-Slice-iOS.release.xcconfig */;
			buildSettings = {
				ASSETCATALOG_COMPILER_APPICON_NAME = AppIcon;
				ASSETCATALOG_COMPILER_GLOBAL_ACCENT_COLOR_NAME = AccentColor;
				CODE_SIGN_STYLE = Automatic;
				DEVELOPMENT_TEAM = AS8Z7AADYW;
				INFOPLIST_FILE = "Slice-iOS/Info.plist";
				IPHONEOS_DEPLOYMENT_TARGET = 13.0;
				LD_RUNPATH_SEARCH_PATHS = (
					"$(inherited)",
					"@executable_path/Frameworks",
				);
				PRODUCT_BUNDLE_IDENTIFIER = "com.ADLER.Slice-iOS";
				PRODUCT_NAME = "$(TARGET_NAME)";
				SWIFT_VERSION = 5.0;
				TARGETED_DEVICE_FAMILY = "1,2";
			};
			name = Release;
		};
/* End XCBuildConfiguration section */

/* Begin XCConfigurationList section */
		4916889D2674AAA100107EE3 /* Build configuration list for PBXProject "Slice-iOS" */ = {
			isa = XCConfigurationList;
			buildConfigurations = (
				491688B72674AAA300107EE3 /* Debug */,
				491688B82674AAA300107EE3 /* Release */,
			);
			defaultConfigurationIsVisible = 0;
			defaultConfigurationName = Release;
		};
		491688B92674AAA300107EE3 /* Build configuration list for PBXNativeTarget "Slice-iOS" */ = {
			isa = XCConfigurationList;
			buildConfigurations = (
				491688BA2674AAA300107EE3 /* Debug */,
				491688BB2674AAA300107EE3 /* Release */,
			);
			defaultConfigurationIsVisible = 0;
			defaultConfigurationName = Release;
		};
/* End XCConfigurationList section */

/* Begin XCVersionGroup section */
		491688AE2674AAA100107EE3 /* Slice_iOS.xcdatamodeld */ = {
			isa = XCVersionGroup;
			children = (
				491688AF2674AAA100107EE3 /* Slice_iOS.xcdatamodel */,
			);
			currentVersion = 491688AF2674AAA100107EE3 /* Slice_iOS.xcdatamodel */;
			path = Slice_iOS.xcdatamodeld;
			sourceTree = "<group>";
			versionGroupType = wrapper.xcdatamodel;
		};
/* End XCVersionGroup section */
	};
	rootObject = 4916889A2674AAA100107EE3 /* Project object */;
}
